
Microsoft Visual Studio Solution File, Format Version 12.00
# Visual Studio Version 17
VisualStudioVersion = 17.3.32901.215
MinimumVisualStudioVersion = 10.0.40219.1
Project("{9A19103F-16F7-4668-BE54-9A1E7A4F7556}") = "Bookzilla.API", "Bookzilla.API\Bookzilla.API.csproj", "{EA35D5E6-0D5F-4CC4-B6CA-C225CB11152A}"
EndProject
Project("{9A19103F-16F7-4668-BE54-9A1E7A4F7556}") = "Bookzilla.API.Models", "Bookzilla.API.Models\Bookzilla.API.Models.csproj", "{B82B7CFC-B87C-4AAB-A8CB-43D6CDE5E45F}"
EndProject
Project("{9A19103F-16F7-4668-BE54-9A1E7A4F7556}") = "Bookzilla.API.DataAccessLayer", "Bookzilla.API.DataAccessLayer\Bookzilla.API.DataAccessLayer.csproj", "{D80F63CC-EA80-49E3-9FBE-312DECE36F1F}"
EndProject
Project("{9A19103F-16F7-4668-BE54-9A1E7A4F7556}") = "Bookzilla.API.Mapper", "Bookzilla.API.Mapper\Bookzilla.API.Mapper.csproj", "{A31723FD-9A69-4A89-B1AC-B28BAC83C7E3}"
EndProject
Project("{9A19103F-16F7-4668-BE54-9A1E7A4F7556}") = "Bookzilla.API.Repository", "Bookzilla.API.Repository\Bookzilla.API.Repository.csproj", "{BCC4DAD4-6581-4CDD-9A23-16681CB48817}"
EndProject
Project("{9A19103F-16F7-4668-BE54-9A1E7A4F7556}") = "Bookzilla.API.Services", "Bookzilla.API.Services\Bookzilla.API.Services.csproj", "{A6499FA1-094E-4EF3-9029-48F6873BB8CF}"
EndProject
Global
	GlobalSection(SolutionConfigurationPlatforms) = preSolution
		Debug|Any CPU = Debug|Any CPU
		Release|Any CPU = Release|Any CPU
	EndGlobalSection
	GlobalSection(ProjectConfigurationPlatforms) = postSolution
		{EA35D5E6-0D5F-4CC4-B6CA-C225CB11152A}.Debug|Any CPU.ActiveCfg = Debug|Any CPU
		{EA35D5E6-0D5F-4CC4-B6CA-C225CB11152A}.Debug|Any CPU.Build.0 = Debug|Any CPU
		{EA35D5E6-0D5F-4CC4-B6CA-C225CB11152A}.Release|Any CPU.ActiveCfg = Release|Any CPU
		{EA35D5E6-0D5F-4CC4-B6CA-C225CB11152A}.Release|Any CPU.Build.0 = Release|Any CPU
		{B82B7CFC-B87C-4AAB-A8CB-43D6CDE5E45F}.Debug|Any CPU.ActiveCfg = Debug|Any CPU
		{B82B7CFC-B87C-4AAB-A8CB-43D6CDE5E45F}.Debug|Any CPU.Build.0 = Debug|Any CPU
		{B82B7CFC-B87C-4AAB-A8CB-43D6CDE5E45F}.Release|Any CPU.ActiveCfg = Release|Any CPU
		{B82B7CFC-B87C-4AAB-A8CB-43D6CDE5E45F}.Release|Any CPU.Build.0 = Release|Any CPU
		{D80F63CC-EA80-49E3-9FBE-312DECE36F1F}.Debug|Any CPU.ActiveCfg = Debug|Any CPU
		{D80F63CC-EA80-49E3-9FBE-312DECE36F1F}.Debug|Any CPU.Build.0 = Debug|Any CPU
		{D80F63CC-EA80-49E3-9FBE-312DECE36F1F}.Release|Any CPU.ActiveCfg = Release|Any CPU
		{D80F63CC-EA80-49E3-9FBE-312DECE36F1F}.Release|Any CPU.Build.0 = Release|Any CPU
		{A31723FD-9A69-4A89-B1AC-B28BAC83C7E3}.Debug|Any CPU.ActiveCfg = Debug|Any CPU
		{A31723FD-9A69-4A89-B1AC-B28BAC83C7E3}.Debug|Any CPU.Build.0 = Debug|Any CPU
		{A31723FD-9A69-4A89-B1AC-B28BAC83C7E3}.Release|Any CPU.ActiveCfg = Release|Any CPU
		{A31723FD-9A69-4A89-B1AC-B28BAC83C7E3}.Release|Any CPU.Build.0 = Release|Any CPU
		{BCC4DAD4-6581-4CDD-9A23-16681CB48817}.Debug|Any CPU.ActiveCfg = Debug|Any CPU
		{BCC4DAD4-6581-4CDD-9A23-16681CB48817}.Debug|Any CPU.Build.0 = Debug|Any CPU
		{BCC4DAD4-6581-4CDD-9A23-16681CB48817}.Release|Any CPU.ActiveCfg = Release|Any CPU
		{BCC4DAD4-6581-4CDD-9A23-16681CB48817}.Release|Any CPU.Build.0 = Release|Any CPU
		{A6499FA1-094E-4EF3-9029-48F6873BB8CF}.Debug|Any CPU.ActiveCfg = Debug|Any CPU
		{A6499FA1-094E-4EF3-9029-48F6873BB8CF}.Debug|Any CPU.Build.0 = Debug|Any CPU
		{A6499FA1-094E-4EF3-9029-48F6873BB8CF}.Release|Any CPU.ActiveCfg = Release|Any CPU
		{A6499FA1-094E-4EF3-9029-48F6873BB8CF}.Release|Any CPU.Build.0 = Release|Any CPU
	EndGlobalSection
	GlobalSection(SolutionProperties) = preSolution
		HideSolutionNode = FALSE
	EndGlobalSection
	GlobalSection(ExtensibilityGlobals) = postSolution
		SolutionGuid = {5F073305-DA02-4CAF-8435-70EBE1E73457}
	EndGlobalSection
EndGlobal
